// !$*UTF8*$!
{
	archiveVersion = 1;
	classes = {
	};
	objectVersion = 56;
	objects = {

/* Begin PBXBuildFile section */
		064CE2192ABA237E0051943D /* networkmastryApp.swift in Sources */ = {isa = PBXBuildFile; fileRef = 064CE2182ABA237E0051943D /* networkmastryApp.swift */; };
		064CE21B2ABA237E0051943D /* ContentView.swift in Sources */ = {isa = PBXBuildFile; fileRef = 064CE21A2ABA237E0051943D /* ContentView.swift */; };
		064CE21D2ABA237F0051943D /* Assets.xcassets in Resources */ = {isa = PBXBuildFile; fileRef = 064CE21C2ABA237F0051943D /* Assets.xcassets */; };
		064CE2202ABA237F0051943D /* Preview Assets.xcassets in Resources */ = {isa = PBXBuildFile; fileRef = 064CE21F2ABA237F0051943D /* Preview Assets.xcassets */; };
		064CE22D2ABA27530051943D /* CoinsViewModel.swift in Sources */ = {isa = PBXBuildFile; fileRef = 064CE22C2ABA27530051943D /* CoinsViewModel.swift */; };
		069044132ABF375100DBD89D /* CoinDataService.swift in Sources */ = {isa = PBXBuildFile; fileRef = 069044122ABF375100DBD89D /* CoinDataService.swift */; };
		069044152ABF3EC100DBD89D /* Coin.swift in Sources */ = {isa = PBXBuildFile; fileRef = 069044142ABF3EC100DBD89D /* Coin.swift */; };
		069044172ABF6F1A00DBD89D /* CoinApiError.swift in Sources */ = {isa = PBXBuildFile; fileRef = 069044162ABF6F1A00DBD89D /* CoinApiError.swift */; };
		0690441B2ABF821200DBD89D /* CoinDetailsView.swift in Sources */ = {isa = PBXBuildFile; fileRef = 0690441A2ABF821200DBD89D /* CoinDetailsView.swift */; };
		0690441E2ABF861800DBD89D /* CoinDetailsObject.swift in Sources */ = {isa = PBXBuildFile; fileRef = 0690441D2ABF861800DBD89D /* CoinDetailsObject.swift */; };
		069044212ABF89B700DBD89D /* CoinDetailsViewModel.swift in Sources */ = {isa = PBXBuildFile; fileRef = 069044202ABF89B700DBD89D /* CoinDetailsViewModel.swift */; };
		069044712AC063BB00DBD89D /* HttpDataDownloader.swift in Sources */ = {isa = PBXBuildFile; fileRef = 069044702AC063BB00DBD89D /* HttpDataDownloader.swift */; };
		069044742AC07DF900DBD89D /* CoinDetailsCache.swift in Sources */ = {isa = PBXBuildFile; fileRef = 069044732AC07DF900DBD89D /* CoinDetailsCache.swift */; };
		069044762AC0A18D00DBD89D /* MockCoinService.swift in Sources */ = {isa = PBXBuildFile; fileRef = 069044752AC0A18D00DBD89D /* MockCoinService.swift */; };
		0690447E2AC0A52600DBD89D /* networkmastryTests.swift in Sources */ = {isa = PBXBuildFile; fileRef = 0690447D2AC0A52600DBD89D /* networkmastryTests.swift */; };
		069044852AC0A56000DBD89D /* TestData.swift in Sources */ = {isa = PBXBuildFile; fileRef = 069044842AC0A56000DBD89D /* TestData.swift */; };
		069044872AC0ABDE00DBD89D /* CoinsViewModelTests.swift in Sources */ = {isa = PBXBuildFile; fileRef = 069044862AC0ABDE00DBD89D /* CoinsViewModelTests.swift */; };
		0690448B2AC0BB7500DBD89D /* ImageLoader.swift in Sources */ = {isa = PBXBuildFile; fileRef = 0690448A2AC0BB7500DBD89D /* ImageLoader.swift */; };
		0690448D2AC0BB7C00DBD89D /* ImageCache.swift in Sources */ = {isa = PBXBuildFile; fileRef = 0690448C2AC0BB7C00DBD89D /* ImageCache.swift */; };
		0690448F2AC0BB8600DBD89D /* CoinImageView.swift in Sources */ = {isa = PBXBuildFile; fileRef = 0690448E2AC0BB8600DBD89D /* CoinImageView.swift */; };
/* End PBXBuildFile section */

/* Begin PBXContainerItemProxy section */
		0690447F2AC0A52600DBD89D /* PBXContainerItemProxy */ = {
			isa = PBXContainerItemProxy;
			containerPortal = 064CE20D2ABA237E0051943D /* Project object */;
			proxyType = 1;
			remoteGlobalIDString = 064CE2142ABA237E0051943D;
			remoteInfo = networkmastry;
		};
/* End PBXContainerItemProxy section */

/* Begin PBXFileReference section */
		064CE2152ABA237E0051943D /* networkmastry.app */ = {isa = PBXFileReference; explicitFileType = wrapper.application; includeInIndex = 0; path = networkmastry.app; sourceTree = BUILT_PRODUCTS_DIR; };
		064CE2182ABA237E0051943D /* networkmastryApp.swift */ = {isa = PBXFileReference; lastKnownFileType = sourcecode.swift; path = networkmastryApp.swift; sourceTree = "<group>"; };
		064CE21A2ABA237E0051943D /* ContentView.swift */ = {isa = PBXFileReference; lastKnownFileType = sourcecode.swift; path = ContentView.swift; sourceTree = "<group>"; };
		064CE21C2ABA237F0051943D /* Assets.xcassets */ = {isa = PBXFileReference; lastKnownFileType = folder.assetcatalog; path = Assets.xcassets; sourceTree = "<group>"; };
		064CE21F2ABA237F0051943D /* Preview Assets.xcassets */ = {isa = PBXFileReference; lastKnownFileType = folder.assetcatalog; path = "Preview Assets.xcassets"; sourceTree = "<group>"; };
		064CE22C2ABA27530051943D /* CoinsViewModel.swift */ = {isa = PBXFileReference; lastKnownFileType = sourcecode.swift; path = CoinsViewModel.swift; sourceTree = "<group>"; };
		069044122ABF375100DBD89D /* CoinDataService.swift */ = {isa = PBXFileReference; lastKnownFileType = sourcecode.swift; path = CoinDataService.swift; sourceTree = "<group>"; };
		069044142ABF3EC100DBD89D /* Coin.swift */ = {isa = PBXFileReference; lastKnownFileType = sourcecode.swift; path = Coin.swift; sourceTree = "<group>"; };
		069044162ABF6F1A00DBD89D /* CoinApiError.swift */ = {isa = PBXFileReference; lastKnownFileType = sourcecode.swift; path = CoinApiError.swift; sourceTree = "<group>"; };
		0690441A2ABF821200DBD89D /* CoinDetailsView.swift */ = {isa = PBXFileReference; lastKnownFileType = sourcecode.swift; path = CoinDetailsView.swift; sourceTree = "<group>"; };
		0690441D2ABF861800DBD89D /* CoinDetailsObject.swift */ = {isa = PBXFileReference; lastKnownFileType = sourcecode.swift; path = CoinDetailsObject.swift; sourceTree = "<group>"; };
		069044202ABF89B700DBD89D /* CoinDetailsViewModel.swift */ = {isa = PBXFileReference; lastKnownFileType = sourcecode.swift; path = CoinDetailsViewModel.swift; sourceTree = "<group>"; };
		069044702AC063BB00DBD89D /* HttpDataDownloader.swift */ = {isa = PBXFileReference; lastKnownFileType = sourcecode.swift; path = HttpDataDownloader.swift; sourceTree = "<group>"; };
		069044732AC07DF900DBD89D /* CoinDetailsCache.swift */ = {isa = PBXFileReference; lastKnownFileType = sourcecode.swift; path = CoinDetailsCache.swift; sourceTree = "<group>"; };
		069044752AC0A18D00DBD89D /* MockCoinService.swift */ = {isa = PBXFileReference; lastKnownFileType = sourcecode.swift; path = MockCoinService.swift; sourceTree = "<group>"; };
		0690447B2AC0A52600DBD89D /* networkmastryTests.xctest */ = {isa = PBXFileReference; explicitFileType = wrapper.cfbundle; includeInIndex = 0; path = networkmastryTests.xctest; sourceTree = BUILT_PRODUCTS_DIR; };
		0690447D2AC0A52600DBD89D /* networkmastryTests.swift */ = {isa = PBXFileReference; lastKnownFileType = sourcecode.swift; path = networkmastryTests.swift; sourceTree = "<group>"; };
		069044842AC0A56000DBD89D /* TestData.swift */ = {isa = PBXFileReference; lastKnownFileType = sourcecode.swift; path = TestData.swift; sourceTree = "<group>"; };
		069044862AC0ABDE00DBD89D /* CoinsViewModelTests.swift */ = {isa = PBXFileReference; lastKnownFileType = sourcecode.swift; path = CoinsViewModelTests.swift; sourceTree = "<group>"; };
		0690448A2AC0BB7500DBD89D /* ImageLoader.swift */ = {isa = PBXFileReference; lastKnownFileType = sourcecode.swift; path = ImageLoader.swift; sourceTree = "<group>"; };
		0690448C2AC0BB7C00DBD89D /* ImageCache.swift */ = {isa = PBXFileReference; lastKnownFileType = sourcecode.swift; path = ImageCache.swift; sourceTree = "<group>"; };
		0690448E2AC0BB8600DBD89D /* CoinImageView.swift */ = {isa = PBXFileReference; lastKnownFileType = sourcecode.swift; path = CoinImageView.swift; sourceTree = "<group>"; };
/* End PBXFileReference section */

/* Begin PBXFrameworksBuildPhase section */
		064CE2122ABA237E0051943D /* Frameworks */ = {
			isa = PBXFrameworksBuildPhase;
			buildActionMask = 2147483647;
			files = (
			);
			runOnlyForDeploymentPostprocessing = 0;
		};
		069044782AC0A52600DBD89D /* Frameworks */ = {
			isa = PBXFrameworksBuildPhase;
			buildActionMask = 2147483647;
			files = (
			);
			runOnlyForDeploymentPostprocessing = 0;
		};
/* End PBXFrameworksBuildPhase section */

/* Begin PBXGroup section */
		064CE20C2ABA237E0051943D = {
			isa = PBXGroup;
			children = (
				064CE2172ABA237E0051943D /* networkmastry */,
				0690447C2AC0A52600DBD89D /* networkmastryTests */,
				064CE2162ABA237E0051943D /* Products */,
			);
			sourceTree = "<group>";
		};
		064CE2162ABA237E0051943D /* Products */ = {
			isa = PBXGroup;
			children = (
				064CE2152ABA237E0051943D /* networkmastry.app */,
				0690447B2AC0A52600DBD89D /* networkmastryTests.xctest */,
			);
			name = Products;
			sourceTree = "<group>";
		};
		064CE2172ABA237E0051943D /* networkmastry */ = {
			isa = PBXGroup;
			children = (
				0690446E2AC063A100DBD89D /* Shared */,
				064CE2262ABA25690051943D /* App */,
				064CE2272ABA25780051943D /* Core */,
				064CE21C2ABA237F0051943D /* Assets.xcassets */,
				064CE21E2ABA237F0051943D /* Preview Content */,
			);
			path = networkmastry;
			sourceTree = "<group>";
		};
		064CE21E2ABA237F0051943D /* Preview Content */ = {
			isa = PBXGroup;
			children = (
				064CE21F2ABA237F0051943D /* Preview Assets.xcassets */,
			);
			path = "Preview Content";
			sourceTree = "<group>";
		};
		064CE2262ABA25690051943D /* App */ = {
			isa = PBXGroup;
			children = (
				064CE2182ABA237E0051943D /* networkmastryApp.swift */,
			);
			path = App;
			sourceTree = "<group>";
		};
		064CE2272ABA25780051943D /* Core */ = {
			isa = PBXGroup;
			children = (
				064CE2282ABA257F0051943D /* AllCoins */,
				069044182ABF81EC00DBD89D /* CoinDetails */,
				069044112ABF374200DBD89D /* Service */,
			);
			path = Core;
			sourceTree = "<group>";
		};
		064CE2282ABA257F0051943D /* AllCoins */ = {
			isa = PBXGroup;
			children = (
				064CE22B2ABA25930051943D /* ViewModel */,
				064CE22A2ABA258E0051943D /* View */,
				064CE2292ABA25860051943D /* Model */,
			);
			path = AllCoins;
			sourceTree = "<group>";
		};
		064CE2292ABA25860051943D /* Model */ = {
			isa = PBXGroup;
			children = (
				069044142ABF3EC100DBD89D /* Coin.swift */,
				069044162ABF6F1A00DBD89D /* CoinApiError.swift */,
			);
			path = Model;
			sourceTree = "<group>";
		};
		064CE22A2ABA258E0051943D /* View */ = {
			isa = PBXGroup;
			children = (
				064CE21A2ABA237E0051943D /* ContentView.swift */,
			);
			path = View;
			sourceTree = "<group>";
		};
		064CE22B2ABA25930051943D /* ViewModel */ = {
			isa = PBXGroup;
			children = (
				064CE22C2ABA27530051943D /* CoinsViewModel.swift */,
			);
			path = ViewModel;
			sourceTree = "<group>";
		};
		069044112ABF374200DBD89D /* Service */ = {
			isa = PBXGroup;
			children = (
				069044122ABF375100DBD89D /* CoinDataService.swift */,
				069044752AC0A18D00DBD89D /* MockCoinService.swift */,
			);
			path = Service;
			sourceTree = "<group>";
		};
		069044182ABF81EC00DBD89D /* CoinDetails */ = {
			isa = PBXGroup;
			children = (
				069044722AC07DE900DBD89D /* Cache */,
				0690441F2ABF89A400DBD89D /* ViewModel */,
				0690441C2ABF860900DBD89D /* Model */,
				069044192ABF820500DBD89D /* View */,
			);
			path = CoinDetails;
			sourceTree = "<group>";
		};
		069044192ABF820500DBD89D /* View */ = {
			isa = PBXGroup;
			children = (
				0690441A2ABF821200DBD89D /* CoinDetailsView.swift */,
			);
			path = View;
			sourceTree = "<group>";
		};
		0690441C2ABF860900DBD89D /* Model */ = {
			isa = PBXGroup;
			children = (
				0690441D2ABF861800DBD89D /* CoinDetailsObject.swift */,
			);
			path = Model;
			sourceTree = "<group>";
		};
		0690441F2ABF89A400DBD89D /* ViewModel */ = {
			isa = PBXGroup;
			children = (
				069044202ABF89B700DBD89D /* CoinDetailsViewModel.swift */,
			);
			path = ViewModel;
			sourceTree = "<group>";
		};
		0690446E2AC063A100DBD89D /* Shared */ = {
			isa = PBXGroup;
			children = (
				069044892AC0BB6800DBD89D /* Images */,
				0690446F2AC063A800DBD89D /* API */,
			);
			path = Shared;
			sourceTree = "<group>";
		};
		0690446F2AC063A800DBD89D /* API */ = {
			isa = PBXGroup;
			children = (
				069044702AC063BB00DBD89D /* HttpDataDownloader.swift */,
			);
			path = API;
			sourceTree = "<group>";
		};
		069044722AC07DE900DBD89D /* Cache */ = {
			isa = PBXGroup;
			children = (
				069044732AC07DF900DBD89D /* CoinDetailsCache.swift */,
			);
			path = Cache;
			sourceTree = "<group>";
		};
		0690447C2AC0A52600DBD89D /* networkmastryTests */ = {
			isa = PBXGroup;
			children = (
				0690447D2AC0A52600DBD89D /* networkmastryTests.swift */,
				069044842AC0A56000DBD89D /* TestData.swift */,
				069044862AC0ABDE00DBD89D /* CoinsViewModelTests.swift */,
			);
			path = networkmastryTests;
			sourceTree = "<group>";
		};
		069044892AC0BB6800DBD89D /* Images */ = {
			isa = PBXGroup;
			children = (
				0690448A2AC0BB7500DBD89D /* ImageLoader.swift */,
				0690448C2AC0BB7C00DBD89D /* ImageCache.swift */,
				0690448E2AC0BB8600DBD89D /* CoinImageView.swift */,
			);
			path = Images;
			sourceTree = "<group>";
		};
/* End PBXGroup section */

/* Begin PBXNativeTarget section */
		064CE2142ABA237E0051943D /* networkmastry */ = {
			isa = PBXNativeTarget;
			buildConfigurationList = 064CE2232ABA237F0051943D /* Build configuration list for PBXNativeTarget "networkmastry" */;
			buildPhases = (
				064CE2112ABA237E0051943D /* Sources */,
				064CE2122ABA237E0051943D /* Frameworks */,
				064CE2132ABA237E0051943D /* Resources */,
			);
			buildRules = (
			);
			dependencies = (
			);
			name = networkmastry;
			productName = networkmastry;
			productReference = 064CE2152ABA237E0051943D /* networkmastry.app */;
			productType = "com.apple.product-type.application";
		};
		0690447A2AC0A52600DBD89D /* networkmastryTests */ = {
			isa = PBXNativeTarget;
			buildConfigurationList = 069044812AC0A52600DBD89D /* Build configuration list for PBXNativeTarget "networkmastryTests" */;
			buildPhases = (
				069044772AC0A52600DBD89D /* Sources */,
				069044782AC0A52600DBD89D /* Frameworks */,
				069044792AC0A52600DBD89D /* Resources */,
			);
			buildRules = (
			);
			dependencies = (
				069044802AC0A52600DBD89D /* PBXTargetDependency */,
			);
			name = networkmastryTests;
			productName = networkmastryTests;
			productReference = 0690447B2AC0A52600DBD89D /* networkmastryTests.xctest */;
			productType = "com.apple.product-type.bundle.unit-test";
		};
/* End PBXNativeTarget section */

/* Begin PBXProject section */
		064CE20D2ABA237E0051943D /* Project object */ = {
			isa = PBXProject;
			attributes = {
				BuildIndependentTargetsInParallel = 1;
				LastSwiftUpdateCheck = 1500;
				LastUpgradeCheck = 1500;
				TargetAttributes = {
					064CE2142ABA237E0051943D = {
						CreatedOnToolsVersion = 15.0;
					};
					0690447A2AC0A52600DBD89D = {
						CreatedOnToolsVersion = 15.0;
						TestTargetID = 064CE2142ABA237E0051943D;
					};
				};
			};
			buildConfigurationList = 064CE2102ABA237E0051943D /* Build configuration list for PBXProject "networkmastry" */;
			compatibilityVersion = "Xcode 14.0";
			developmentRegion = en;
			hasScannedForEncodings = 0;
			knownRegions = (
				en,
				Base,
			);
			mainGroup = 064CE20C2ABA237E0051943D;
			productRefGroup = 064CE2162ABA237E0051943D /* Products */;
			projectDirPath = "";
			projectRoot = "";
			targets = (
				064CE2142ABA237E0051943D /* networkmastry */,
				0690447A2AC0A52600DBD89D /* networkmastryTests */,
			);
		};
/* End PBXProject section */

/* Begin PBXResourcesBuildPhase section */
		064CE2132ABA237E0051943D /* Resources */ = {
			isa = PBXResourcesBuildPhase;
			buildActionMask = 2147483647;
			files = (
				064CE2202ABA237F0051943D /* Preview Assets.xcassets in Resources */,
				064CE21D2ABA237F0051943D /* Assets.xcassets in Resources */,
			);
			runOnlyForDeploymentPostprocessing = 0;
		};
		069044792AC0A52600DBD89D /* Resources */ = {
			isa = PBXResourcesBuildPhase;
			buildActionMask = 2147483647;
			files = (
			);
			runOnlyForDeploymentPostprocessing = 0;
		};
/* End PBXResourcesBuildPhase section */

/* Begin PBXSourcesBuildPhase section */
		064CE2112ABA237E0051943D /* Sources */ = {
			isa = PBXSourcesBuildPhase;
			buildActionMask = 2147483647;
			files = (
				069044762AC0A18D00DBD89D /* MockCoinService.swift in Sources */,
				0690441E2ABF861800DBD89D /* CoinDetailsObject.swift in Sources */,
				069044742AC07DF900DBD89D /* CoinDetailsCache.swift in Sources */,
				069044212ABF89B700DBD89D /* CoinDetailsViewModel.swift in Sources */,
				0690441B2ABF821200DBD89D /* CoinDetailsView.swift in Sources */,
				069044132ABF375100DBD89D /* CoinDataService.swift in Sources */,
				064CE21B2ABA237E0051943D /* ContentView.swift in Sources */,
				064CE22D2ABA27530051943D /* CoinsViewModel.swift in Sources */,
				069044152ABF3EC100DBD89D /* Coin.swift in Sources */,
				069044712AC063BB00DBD89D /* HttpDataDownloader.swift in Sources */,
				069044172ABF6F1A00DBD89D /* CoinApiError.swift in Sources */,
				0690448F2AC0BB8600DBD89D /* CoinImageView.swift in Sources */,
				064CE2192ABA237E0051943D /* networkmastryApp.swift in Sources */,
				0690448D2AC0BB7C00DBD89D /* ImageCache.swift in Sources */,
				0690448B2AC0BB7500DBD89D /* ImageLoader.swift in Sources */,
			);
			runOnlyForDeploymentPostprocessing = 0;
		};
		069044772AC0A52600DBD89D /* Sources */ = {
			isa = PBXSourcesBuildPhase;
			buildActionMask = 2147483647;
			files = (
				069044872AC0ABDE00DBD89D /* CoinsViewModelTests.swift in Sources */,
				0690447E2AC0A52600DBD89D /* networkmastryTests.swift in Sources */,
				069044852AC0A56000DBD89D /* TestData.swift in Sources */,
			);
			runOnlyForDeploymentPostprocessing = 0;
		};
/* End PBXSourcesBuildPhase section */

/* Begin PBXTargetDependency section */
		069044802AC0A52600DBD89D /* PBXTargetDependency */ = {
			isa = PBXTargetDependency;
			target = 064CE2142ABA237E0051943D /* networkmastry */;
			targetProxy = 0690447F2AC0A52600DBD89D /* PBXContainerItemProxy */;
		};
/* End PBXTargetDependency section */

/* Begin XCBuildConfiguration section */
		064CE2212ABA237F0051943D /* Debug */ = {
			isa = XCBuildConfiguration;
			buildSettings = {
				ALWAYS_SEARCH_USER_PATHS = NO;
				ASSETCATALOG_COMPILER_GENERATE_SWIFT_ASSET_SYMBOL_EXTENSIONS = YES;
				CLANG_ANALYZER_NONNULL = YES;
				CLANG_ANALYZER_NUMBER_OBJECT_CONVERSION = YES_AGGRESSIVE;
				CLANG_CXX_LANGUAGE_STANDARD = "gnu++20";
				CLANG_ENABLE_MODULES = YES;
				CLANG_ENABLE_OBJC_ARC = YES;
				CLANG_ENABLE_OBJC_WEAK = YES;
				CLANG_WARN_BLOCK_CAPTURE_AUTORELEASING = YES;
				CLANG_WARN_BOOL_CONVERSION = YES;
				CLANG_WARN_COMMA = YES;
				CLANG_WARN_CONSTANT_CONVERSION = YES;
				CLANG_WARN_DEPRECATED_OBJC_IMPLEMENTATIONS = YES;
				CLANG_WARN_DIRECT_OBJC_ISA_USAGE = YES_ERROR;
				CLANG_WARN_DOCUMENTATION_COMMENTS = YES;
				CLANG_WARN_EMPTY_BODY = YES;
				CLANG_WARN_ENUM_CONVERSION = YES;
				CLANG_WARN_INFINITE_RECURSION = YES;
				CLANG_WARN_INT_CONVERSION = YES;
				CLANG_WARN_NON_LITERAL_NULL_CONVERSION = YES;
				CLANG_WARN_OBJC_IMPLICIT_RETAIN_SELF = YES;
				CLANG_WARN_OBJC_LITERAL_CONVERSION = YES;
				CLANG_WARN_OBJC_ROOT_CLASS = YES_ERROR;
				CLANG_WARN_QUOTED_INCLUDE_IN_FRAMEWORK_HEADER = YES;
				CLANG_WARN_RANGE_LOOP_ANALYSIS = YES;
				CLANG_WARN_STRICT_PROTOTYPES = YES;
				CLANG_WARN_SUSPICIOUS_MOVE = YES;
				CLANG_WARN_UNGUARDED_AVAILABILITY = YES_AGGRESSIVE;
				CLANG_WARN_UNREACHABLE_CODE = YES;
				CLANG_WARN__DUPLICATE_METHOD_MATCH = YES;
				COPY_PHASE_STRIP = NO;
				DEBUG_INFORMATION_FORMAT = dwarf;
				ENABLE_STRICT_OBJC_MSGSEND = YES;
				ENABLE_TESTABILITY = YES;
				ENABLE_USER_SCRIPT_SANDBOXING = YES;
				GCC_C_LANGUAGE_STANDARD = gnu17;
				GCC_DYNAMIC_NO_PIC = NO;
				GCC_NO_COMMON_BLOCKS = YES;
				GCC_OPTIMIZATION_LEVEL = 0;
				GCC_PREPROCESSOR_DEFINITIONS = (
					"DEBUG=1",
					"$(inherited)",
				);
				GCC_WARN_64_TO_32_BIT_CONVERSION = YES;
				GCC_WARN_ABOUT_RETURN_TYPE = YES_ERROR;
				GCC_WARN_UNDECLARED_SELECTOR = YES;
				GCC_WARN_UNINITIALIZED_AUTOS = YES_AGGRESSIVE;
				GCC_WARN_UNUSED_FUNCTION = YES;
				GCC_WARN_UNUSED_VARIABLE = YES;
				IPHONEOS_DEPLOYMENT_TARGET = 17.0;
				LOCALIZATION_PREFERS_STRING_CATALOGS = YES;
				MTL_ENABLE_DEBUG_INFO = INCLUDE_SOURCE;
				MTL_FAST_MATH = YES;
				ONLY_ACTIVE_ARCH = YES;
				SDKROOT = iphoneos;
				SWIFT_ACTIVE_COMPILATION_CONDITIONS = "DEBUG $(inherited)";
				SWIFT_OPTIMIZATION_LEVEL = "-Onone";
			};
			name = Debug;
		};
		064CE2222ABA237F0051943D /* Release */ = {
			isa = XCBuildConfiguration;
			buildSettings = {
				ALWAYS_SEARCH_USER_PATHS = NO;
				ASSETCATALOG_COMPILER_GENERATE_SWIFT_ASSET_SYMBOL_EXTENSIONS = YES;
				CLANG_ANALYZER_NONNULL = YES;
				CLANG_ANALYZER_NUMBER_OBJECT_CONVERSION = YES_AGGRESSIVE;
				CLANG_CXX_LANGUAGE_STANDARD = "gnu++20";
				CLANG_ENABLE_MODULES = YES;
				CLANG_ENABLE_OBJC_ARC = YES;
				CLANG_ENABLE_OBJC_WEAK = YES;
				CLANG_WARN_BLOCK_CAPTURE_AUTORELEASING = YES;
				CLANG_WARN_BOOL_CONVERSION = YES;
				CLANG_WARN_COMMA = YES;
				CLANG_WARN_CONSTANT_CONVERSION = YES;
				CLANG_WARN_DEPRECATED_OBJC_IMPLEMENTATIONS = YES;
				CLANG_WARN_DIRECT_OBJC_ISA_USAGE = YES_ERROR;
				CLANG_WARN_DOCUMENTATION_COMMENTS = YES;
				CLANG_WARN_EMPTY_BODY = YES;
				CLANG_WARN_ENUM_CONVERSION = YES;
				CLANG_WARN_INFINITE_RECURSION = YES;
				CLANG_WARN_INT_CONVERSION = YES;
				CLANG_WARN_NON_LITERAL_NULL_CONVERSION = YES;
				CLANG_WARN_OBJC_IMPLICIT_RETAIN_SELF = YES;
				CLANG_WARN_OBJC_LITERAL_CONVERSION = YES;
				CLANG_WARN_OBJC_ROOT_CLASS = YES_ERROR;
				CLANG_WARN_QUOTED_INCLUDE_IN_FRAMEWORK_HEADER = YES;
				CLANG_WARN_RANGE_LOOP_ANALYSIS = YES;
				CLANG_WARN_STRICT_PROTOTYPES = YES;
				CLANG_WARN_SUSPICIOUS_MOVE = YES;
				CLANG_WARN_UNGUARDED_AVAILABILITY = YES_AGGRESSIVE;
				CLANG_WARN_UNREACHABLE_CODE = YES;
				CLANG_WARN__DUPLICATE_METHOD_MATCH = YES;
				COPY_PHASE_STRIP = NO;
				DEBUG_INFORMATION_FORMAT = "dwarf-with-dsym";
				ENABLE_NS_ASSERTIONS = NO;
				ENABLE_STRICT_OBJC_MSGSEND = YES;
				ENABLE_USER_SCRIPT_SANDBOXING = YES;
				GCC_C_LANGUAGE_STANDARD = gnu17;
				GCC_NO_COMMON_BLOCKS = YES;
				GCC_WARN_64_TO_32_BIT_CONVERSION = YES;
				GCC_WARN_ABOUT_RETURN_TYPE = YES_ERROR;
				GCC_WARN_UNDECLARED_SELECTOR = YES;
				GCC_WARN_UNINITIALIZED_AUTOS = YES_AGGRESSIVE;
				GCC_WARN_UNUSED_FUNCTION = YES;
				GCC_WARN_UNUSED_VARIABLE = YES;
				IPHONEOS_DEPLOYMENT_TARGET = 17.0;
				LOCALIZATION_PREFERS_STRING_CATALOGS = YES;
				MTL_ENABLE_DEBUG_INFO = NO;
				MTL_FAST_MATH = YES;
				SDKROOT = iphoneos;
				SWIFT_COMPILATION_MODE = wholemodule;
				VALIDATE_PRODUCT = YES;
			};
			name = Release;
		};
		064CE2242ABA237F0051943D /* Debug */ = {
			isa = XCBuildConfiguration;
			buildSettings = {
				ASSETCATALOG_COMPILER_APPICON_NAME = AppIcon;
				ASSETCATALOG_COMPILER_GLOBAL_ACCENT_COLOR_NAME = AccentColor;
				CODE_SIGN_STYLE = Automatic;
				CURRENT_PROJECT_VERSION = 1;
				DEVELOPMENT_ASSET_PATHS = "\"networkmastry/Preview Content\"";
				DEVELOPMENT_TEAM = BH42J89Y4C;
				ENABLE_PREVIEWS = YES;
				GENERATE_INFOPLIST_FILE = YES;
				INFOPLIST_KEY_UIApplicationSceneManifest_Generation = YES;
				INFOPLIST_KEY_UIApplicationSupportsIndirectInputEvents = YES;
				INFOPLIST_KEY_UILaunchScreen_Generation = YES;
				INFOPLIST_KEY_UISupportedInterfaceOrientations_iPad = "UIInterfaceOrientationPortrait UIInterfaceOrientationPortraitUpsideDown UIInterfaceOrientationLandscapeLeft UIInterfaceOrientationLandscapeRight";
				INFOPLIST_KEY_UISupportedInterfaceOrientations_iPhone = "UIInterfaceOrientationPortrait UIInterfaceOrientationLandscapeLeft UIInterfaceOrientationLandscapeRight";
				LD_RUNPATH_SEARCH_PATHS = (
					"$(inherited)",
					"@executable_path/Frameworks",
				);
				MARKETING_VERSION = 1.0;
				PRODUCT_BUNDLE_IDENTIFIER = com.gpcoders.networkmastry;
				PRODUCT_NAME = "$(TARGET_NAME)";
				SWIFT_EMIT_LOC_STRINGS = YES;
				SWIFT_VERSION = 5.0;
				TARGETED_DEVICE_FAMILY = "1,2";
			};
			name = Debug;
		};
		064CE2252ABA237F0051943D /* Release */ = {
			isa = XCBuildConfiguration;
			buildSettings = {
				ASSETCATALOG_COMPILER_APPICON_NAME = AppIcon;
				ASSETCATALOG_COMPILER_GLOBAL_ACCENT_COLOR_NAME = AccentColor;
				CODE_SIGN_STYLE = Automatic;
				CURRENT_PROJECT_VERSION = 1;
				DEVELOPMENT_ASSET_PATHS = "\"networkmastry/Preview Content\"";
				DEVELOPMENT_TEAM = BH42J89Y4C;
				ENABLE_PREVIEWS = YES;
				GENERATE_INFOPLIST_FILE = YES;
				INFOPLIST_KEY_UIApplicationSceneManifest_Generation = YES;
				INFOPLIST_KEY_UIApplicationSupportsIndirectInputEvents = YES;
				INFOPLIST_KEY_UILaunchScreen_Generation = YES;
				INFOPLIST_KEY_UISupportedInterfaceOrientations_iPad = "UIInterfaceOrientationPortrait UIInterfaceOrientationPortraitUpsideDown UIInterfaceOrientationLandscapeLeft UIInterfaceOrientationLandscapeRight";
				INFOPLIST_KEY_UISupportedInterfaceOrientations_iPhone = "UIInterfaceOrientationPortrait UIInterfaceOrientationLandscapeLeft UIInterfaceOrientationLandscapeRight";
				LD_RUNPATH_SEARCH_PATHS = (
					"$(inherited)",
					"@executable_path/Frameworks",
				);
				MARKETING_VERSION = 1.0;
				PRODUCT_BUNDLE_IDENTIFIER = com.gpcoders.networkmastry;
				PRODUCT_NAME = "$(TARGET_NAME)";
				SWIFT_EMIT_LOC_STRINGS = YES;
				SWIFT_VERSION = 5.0;
				TARGETED_DEVICE_FAMILY = "1,2";
			};
			name = Release;
		};
		069044822AC0A52600DBD89D /* Debug */ = {
			isa = XCBuildConfiguration;
			buildSettings = {
				BUNDLE_LOADER = "$(TEST_HOST)";
				CODE_SIGN_STYLE = Automatic;
				CURRENT_PROJECT_VERSION = 1;
				GENERATE_INFOPLIST_FILE = YES;
				MARKETING_VERSION = 1.0;
				PRODUCT_BUNDLE_IDENTIFIER = com.gpcoders.networkmastryTests;
				PRODUCT_NAME = "$(TARGET_NAME)";
				SWIFT_EMIT_LOC_STRINGS = NO;
				SWIFT_VERSION = 5.0;
				TARGETED_DEVICE_FAMILY = "1,2";
				TEST_HOST = "$(BUILT_PRODUCTS_DIR)/networkmastry.app/$(BUNDLE_EXECUTABLE_FOLDER_PATH)/networkmastry";
			};
			name = Debug;
		};
		069044832AC0A52600DBD89D /* Release */ = {
			isa = XCBuildConfiguration;
			buildSettings = {
				BUNDLE_LOADER = "$(TEST_HOST)";
				CODE_SIGN_STYLE = Automatic;
				CURRENT_PROJECT_VERSION = 1;
				GENERATE_INFOPLIST_FILE = YES;
				MARKETING_VERSION = 1.0;
				PRODUCT_BUNDLE_IDENTIFIER = com.gpcoders.networkmastryTests;
				PRODUCT_NAME = "$(TARGET_NAME)";
				SWIFT_EMIT_LOC_STRINGS = NO;
				SWIFT_VERSION = 5.0;
				TARGETED_DEVICE_FAMILY = "1,2";
				TEST_HOST = "$(BUILT_PRODUCTS_DIR)/networkmastry.app/$(BUNDLE_EXECUTABLE_FOLDER_PATH)/networkmastry";
			};
			name = Release;
		};
/* End XCBuildConfiguration section */

/* Begin XCConfigurationList section */
		064CE2102ABA237E0051943D /* Build configuration list for PBXProject "networkmastry" */ = {
			isa = XCConfigurationList;
			buildConfigurations = (
				064CE2212ABA237F0051943D /* Debug */,
				064CE2222ABA237F0051943D /* Release */,
			);
			defaultConfigurationIsVisible = 0;
			defaultConfigurationName = Release;
		};
		064CE2232ABA237F0051943D /* Build configuration list for PBXNativeTarget "networkmastry" */ = {
			isa = XCConfigurationList;
			buildConfigurations = (
				064CE2242ABA237F0051943D /* Debug */,
				064CE2252ABA237F0051943D /* Release */,
			);
			defaultConfigurationIsVisible = 0;
			defaultConfigurationName = Release;
		};
		069044812AC0A52600DBD89D /* Build configuration list for PBXNativeTarget "networkmastryTests" */ = {
			isa = XCConfigurationList;
			buildConfigurations = (
				069044822AC0A52600DBD89D /* Debug */,
				069044832AC0A52600DBD89D /* Release */,
			);
			defaultConfigurationIsVisible = 0;
			defaultConfigurationName = Release;
		};
/* End XCConfigurationList section */
	};
	rootObject = 064CE20D2ABA237E0051943D /* Project object */;
}
